// !$*UTF8*$!
{
	archiveVersion = 1;
	classes = {
	};
	objectVersion = 55;
	objects = {

/* Begin PBXBuildFile section */
		753352312788D83C008B0053 /* GoogleAuthenticator.swift in Sources */ = {isa = PBXBuildFile; fileRef = 753352302788D83C008B0053 /* GoogleAuthenticator.swift */; };
		753352332788DA1E008B0053 /* TwitterAuthenticator.swift in Sources */ = {isa = PBXBuildFile; fileRef = 753352322788DA1E008B0053 /* TwitterAuthenticator.swift */; };
		753352362788DADE008B0053 /* AuthServise.swift in Sources */ = {isa = PBXBuildFile; fileRef = 753352352788DADE008B0053 /* AuthServise.swift */; };
		753352392788DCD3008B0053 /* GoogleAuthAdapter.swift in Sources */ = {isa = PBXBuildFile; fileRef = 753352382788DCD3008B0053 /* GoogleAuthAdapter.swift */; };
		7533523B2788DFB7008B0053 /* TwitterAuthAdapter.swift in Sources */ = {isa = PBXBuildFile; fileRef = 7533523A2788DFB7008B0053 /* TwitterAuthAdapter.swift */; };
		7533523D2788E01D008B0053 /* AdapterVC.swift in Sources */ = {isa = PBXBuildFile; fileRef = 7533523C2788E01D008B0053 /* AdapterVC.swift */; };
		753B9FC327903E070002032F /* FacadeVC.swift in Sources */ = {isa = PBXBuildFile; fileRef = 753B9FC227903E070002032F /* FacadeVC.swift */; };
		753B9FC52790429D0002032F /* ImageDataProvider.swift in Sources */ = {isa = PBXBuildFile; fileRef = 753B9FC42790429D0002032F /* ImageDataProvider.swift */; };
		753B9FC72790487F0002032F /* PathProvider.swift in Sources */ = {isa = PBXBuildFile; fileRef = 753B9FC62790487F0002032F /* PathProvider.swift */; };
		753B9FC9279049C10002032F /* ImageSavedFacade.swift in Sources */ = {isa = PBXBuildFile; fileRef = 753B9FC8279049C10002032F /* ImageSavedFacade.swift */; };
		754A9E742789A1310095161F /* DecoratorVC.swift in Sources */ = {isa = PBXBuildFile; fileRef = 754A9E732789A1310095161F /* DecoratorVC.swift */; };
		754A9E762789A7BA0095161F /* CarProtocol.swift in Sources */ = {isa = PBXBuildFile; fileRef = 754A9E752789A7BA0095161F /* CarProtocol.swift */; };
		754A9E782789A82E0095161F /* MercedesCLA.swift in Sources */ = {isa = PBXBuildFile; fileRef = 754A9E772789A82E0095161F /* MercedesCLA.swift */; };
		754A9E7B2789A93E0095161F /* MercedesDecorator.swift in Sources */ = {isa = PBXBuildFile; fileRef = 754A9E7A2789A93E0095161F /* MercedesDecorator.swift */; };
		754A9E7D2789AA540095161F /* PanframeRoof.swift in Sources */ = {isa = PBXBuildFile; fileRef = 754A9E7C2789AA540095161F /* PanframeRoof.swift */; };
		754A9E7F2789AB370095161F /* AlloyWheels.swift in Sources */ = {isa = PBXBuildFile; fileRef = 754A9E7E2789AB370095161F /* AlloyWheels.swift */; };
		75767A772785C12E0099F5A1 /* AppDelegate.swift in Sources */ = {isa = PBXBuildFile; fileRef = 75767A762785C12E0099F5A1 /* AppDelegate.swift */; };
		75767A792785C12E0099F5A1 /* SceneDelegate.swift in Sources */ = {isa = PBXBuildFile; fileRef = 75767A782785C12E0099F5A1 /* SceneDelegate.swift */; };
		75767A7B2785C12E0099F5A1 /* FactoreMethodVC.swift in Sources */ = {isa = PBXBuildFile; fileRef = 75767A7A2785C12E0099F5A1 /* FactoreMethodVC.swift */; };
		75767A7E2785C12E0099F5A1 /* Main.storyboard in Resources */ = {isa = PBXBuildFile; fileRef = 75767A7C2785C12E0099F5A1 /* Main.storyboard */; };
		75767A802785C12F0099F5A1 /* Assets.xcassets in Resources */ = {isa = PBXBuildFile; fileRef = 75767A7F2785C12F0099F5A1 /* Assets.xcassets */; };
		75767A832785C12F0099F5A1 /* LaunchScreen.storyboard in Resources */ = {isa = PBXBuildFile; fileRef = 75767A812785C12F0099F5A1 /* LaunchScreen.storyboard */; };
		75767A8B2785DDF00099F5A1 /* Exercise.swift in Sources */ = {isa = PBXBuildFile; fileRef = 75767A8A2785DDF00099F5A1 /* Exercise.swift */; };
		75767A8E2785DF480099F5A1 /* Jumping.swift in Sources */ = {isa = PBXBuildFile; fileRef = 75767A8D2785DF480099F5A1 /* Jumping.swift */; };
		75767A902785DFFE0099F5A1 /* Squarts.swift in Sources */ = {isa = PBXBuildFile; fileRef = 75767A8F2785DFFE0099F5A1 /* Squarts.swift */; };
		75767A922785E0F00099F5A1 /* FactoreExercises.swift in Sources */ = {isa = PBXBuildFile; fileRef = 75767A912785E0F00099F5A1 /* FactoreExercises.swift */; };
		7579DFCF278DE4D20060E75D /* CatalogVC.swift in Sources */ = {isa = PBXBuildFile; fileRef = 7579DFCE278DE4D20060E75D /* CatalogVC.swift */; };
		7579DFD2278DE4EA0060E75D /* CatalogPresenter.swift in Sources */ = {isa = PBXBuildFile; fileRef = 7579DFD1278DE4EA0060E75D /* CatalogPresenter.swift */; };
		7579DFD6278DE8D50060E75D /* ModuleBuilder.swift in Sources */ = {isa = PBXBuildFile; fileRef = 7579DFD5278DE8D50060E75D /* ModuleBuilder.swift */; };
		7579DFD8278DE91F0060E75D /* CatalogBuilder.swift in Sources */ = {isa = PBXBuildFile; fileRef = 7579DFD7278DE91F0060E75D /* CatalogBuilder.swift */; };
		7579DFDC278DEBFD0060E75D /* CatalogInteractor.swift in Sources */ = {isa = PBXBuildFile; fileRef = 7579DFDB278DEBFD0060E75D /* CatalogInteractor.swift */; };
		7579DFE2278DED4B0060E75D /* BuilderViewController.swift in Sources */ = {isa = PBXBuildFile; fileRef = 7579DFE1278DED4B0060E75D /* BuilderViewController.swift */; };
		759D18D92789F7A000AF31FD /* MainVC.swift in Sources */ = {isa = PBXBuildFile; fileRef = 759D18D82789F7A000AF31FD /* MainVC.swift */; };
		759D18DB2789F7F600AF31FD /* DetailVC.swift in Sources */ = {isa = PBXBuildFile; fileRef = 759D18DA2789F7F600AF31FD /* DetailVC.swift */; };
		759D18DE2789F93100AF31FD /* LoadServiceProtocol.swift in Sources */ = {isa = PBXBuildFile; fileRef = 759D18DD2789F93100AF31FD /* LoadServiceProtocol.swift */; };
		759D18E22789FAB400AF31FD /* LoadImageService.swift in Sources */ = {isa = PBXBuildFile; fileRef = 759D18E12789FAB400AF31FD /* LoadImageService.swift */; };
		759D18E5278A15C000AF31FD /* Proxy.swift in Sources */ = {isa = PBXBuildFile; fileRef = 759D18E4278A15C000AF31FD /* Proxy.swift */; };
		759D18E8278B386400AF31FD /* BridgeVC.swift in Sources */ = {isa = PBXBuildFile; fileRef = 759D18E7278B386400AF31FD /* BridgeVC.swift */; };
		759D18EA278B38CD00AF31FD /* DayPickerView.swift in Sources */ = {isa = PBXBuildFile; fileRef = 759D18E9278B38CD00AF31FD /* DayPickerView.swift */; };
		759D18ED278B46B500AF31FD /* FlyweightVC.swift in Sources */ = {isa = PBXBuildFile; fileRef = 759D18EC278B46B500AF31FD /* FlyweightVC.swift */; };
		75D8DEB627873D8D0055CCE9 /* AbstractFactoryVC.swift in Sources */ = {isa = PBXBuildFile; fileRef = 75D8DEB527873D8D0055CCE9 /* AbstractFactoryVC.swift */; };
		75D8DEB92787422E0055CCE9 /* Chair.swift in Sources */ = {isa = PBXBuildFile; fileRef = 75D8DEB82787422E0055CCE9 /* Chair.swift */; };
		75D8DEBD278743550055CCE9 /* Table.swift in Sources */ = {isa = PBXBuildFile; fileRef = 75D8DEBC278743550055CCE9 /* Table.swift */; };
		75D8DEBF278743B10055CCE9 /* ChairBedroom.swift in Sources */ = {isa = PBXBuildFile; fileRef = 75D8DEBE278743B10055CCE9 /* ChairBedroom.swift */; };
		75D8DEC1278743F40055CCE9 /* CoffeeTableBedroom.swift in Sources */ = {isa = PBXBuildFile; fileRef = 75D8DEC0278743F40055CCE9 /* CoffeeTableBedroom.swift */; };
		75D8DEC7278744C90055CCE9 /* Sofa.swift in Sources */ = {isa = PBXBuildFile; fileRef = 75D8DEC6278744C90055CCE9 /* Sofa.swift */; };
		75D8DEC92787468E0055CCE9 /* SofaBedroom.swift in Sources */ = {isa = PBXBuildFile; fileRef = 75D8DEC82787468E0055CCE9 /* SofaBedroom.swift */; };
		75D8DECC278747050055CCE9 /* ChairKitchen.swift in Sources */ = {isa = PBXBuildFile; fileRef = 75D8DECB278747050055CCE9 /* ChairKitchen.swift */; };
		75D8DECE278747760055CCE9 /* TableKitchen .swift in Sources */ = {isa = PBXBuildFile; fileRef = 75D8DECD278747760055CCE9 /* TableKitchen .swift */; };
		75D8DED0278748240055CCE9 /* SofaKitchen.swift in Sources */ = {isa = PBXBuildFile; fileRef = 75D8DECF278748240055CCE9 /* SofaKitchen.swift */; };
		75D8DED2278749030055CCE9 /* AbstractFactory.swift in Sources */ = {isa = PBXBuildFile; fileRef = 75D8DED1278749030055CCE9 /* AbstractFactory.swift */; };
		75D8DED4278749A60055CCE9 /* BedroomFactory.swift in Sources */ = {isa = PBXBuildFile; fileRef = 75D8DED3278749A60055CCE9 /* BedroomFactory.swift */; };
		75D8DED627874A3E0055CCE9 /* KitchenFactory.swift in Sources */ = {isa = PBXBuildFile; fileRef = 75D8DED527874A3E0055CCE9 /* KitchenFactory.swift */; };
/* End PBXBuildFile section */

/* Begin PBXFileReference section */
		7533522E2788D4A0008B0053 /* AdapterPlayground.playground */ = {isa = PBXFileReference; lastKnownFileType = file.playground; path = AdapterPlayground.playground; sourceTree = "<group>"; xcLanguageSpecificationIdentifier = xcode.lang.swift; };
		753352302788D83C008B0053 /* GoogleAuthenticator.swift */ = {isa = PBXFileReference; lastKnownFileType = sourcecode.swift; path = GoogleAuthenticator.swift; sourceTree = "<group>"; };
		753352322788DA1E008B0053 /* TwitterAuthenticator.swift */ = {isa = PBXFileReference; lastKnownFileType = sourcecode.swift; path = TwitterAuthenticator.swift; sourceTree = "<group>"; };
		753352352788DADE008B0053 /* AuthServise.swift */ = {isa = PBXFileReference; lastKnownFileType = sourcecode.swift; path = AuthServise.swift; sourceTree = "<group>"; };
		753352382788DCD3008B0053 /* GoogleAuthAdapter.swift */ = {isa = PBXFileReference; lastKnownFileType = sourcecode.swift; path = GoogleAuthAdapter.swift; sourceTree = "<group>"; };
		7533523A2788DFB7008B0053 /* TwitterAuthAdapter.swift */ = {isa = PBXFileReference; lastKnownFileType = sourcecode.swift; path = TwitterAuthAdapter.swift; sourceTree = "<group>"; };
		7533523C2788E01D008B0053 /* AdapterVC.swift */ = {isa = PBXFileReference; lastKnownFileType = sourcecode.swift; path = AdapterVC.swift; sourceTree = "<group>"; };
		753B9FC227903E070002032F /* FacadeVC.swift */ = {isa = PBXFileReference; lastKnownFileType = sourcecode.swift; path = FacadeVC.swift; sourceTree = "<group>"; };
		753B9FC42790429D0002032F /* ImageDataProvider.swift */ = {isa = PBXFileReference; lastKnownFileType = sourcecode.swift; path = ImageDataProvider.swift; sourceTree = "<group>"; };
		753B9FC62790487F0002032F /* PathProvider.swift */ = {isa = PBXFileReference; lastKnownFileType = sourcecode.swift; path = PathProvider.swift; sourceTree = "<group>"; };
		753B9FC8279049C10002032F /* ImageSavedFacade.swift */ = {isa = PBXFileReference; lastKnownFileType = sourcecode.swift; path = ImageSavedFacade.swift; sourceTree = "<group>"; };
		754A9E732789A1310095161F /* DecoratorVC.swift */ = {isa = PBXFileReference; lastKnownFileType = sourcecode.swift; path = DecoratorVC.swift; sourceTree = "<group>"; };
		754A9E752789A7BA0095161F /* CarProtocol.swift */ = {isa = PBXFileReference; lastKnownFileType = sourcecode.swift; path = CarProtocol.swift; sourceTree = "<group>"; };
		754A9E772789A82E0095161F /* MercedesCLA.swift */ = {isa = PBXFileReference; lastKnownFileType = sourcecode.swift; path = MercedesCLA.swift; sourceTree = "<group>"; };
		754A9E7A2789A93E0095161F /* MercedesDecorator.swift */ = {isa = PBXFileReference; lastKnownFileType = sourcecode.swift; path = MercedesDecorator.swift; sourceTree = "<group>"; };
		754A9E7C2789AA540095161F /* PanframeRoof.swift */ = {isa = PBXFileReference; lastKnownFileType = sourcecode.swift; path = PanframeRoof.swift; sourceTree = "<group>"; };
		754A9E7E2789AB370095161F /* AlloyWheels.swift */ = {isa = PBXFileReference; lastKnownFileType = sourcecode.swift; path = AlloyWheels.swift; sourceTree = "<group>"; };
		75767A732785C12E0099F5A1 /* Pattern.app */ = {isa = PBXFileReference; explicitFileType = wrapper.application; includeInIndex = 0; path = Pattern.app; sourceTree = BUILT_PRODUCTS_DIR; };
		75767A762785C12E0099F5A1 /* AppDelegate.swift */ = {isa = PBXFileReference; lastKnownFileType = sourcecode.swift; path = AppDelegate.swift; sourceTree = "<group>"; };
		75767A782785C12E0099F5A1 /* SceneDelegate.swift */ = {isa = PBXFileReference; lastKnownFileType = sourcecode.swift; path = SceneDelegate.swift; sourceTree = "<group>"; };
		75767A7A2785C12E0099F5A1 /* FactoreMethodVC.swift */ = {isa = PBXFileReference; lastKnownFileType = sourcecode.swift; path = FactoreMethodVC.swift; sourceTree = "<group>"; };
		75767A7D2785C12E0099F5A1 /* Base */ = {isa = PBXFileReference; lastKnownFileType = file.storyboard; name = Base; path = Base.lproj/Main.storyboard; sourceTree = "<group>"; };
		75767A7F2785C12F0099F5A1 /* Assets.xcassets */ = {isa = PBXFileReference; lastKnownFileType = folder.assetcatalog; path = Assets.xcassets; sourceTree = "<group>"; };
		75767A822785C12F0099F5A1 /* Base */ = {isa = PBXFileReference; lastKnownFileType = file.storyboard; name = Base; path = Base.lproj/LaunchScreen.storyboard; sourceTree = "<group>"; };
		75767A842785C12F0099F5A1 /* Info.plist */ = {isa = PBXFileReference; lastKnownFileType = text.plist.xml; path = Info.plist; sourceTree = "<group>"; };
		75767A8A2785DDF00099F5A1 /* Exercise.swift */ = {isa = PBXFileReference; lastKnownFileType = sourcecode.swift; path = Exercise.swift; sourceTree = "<group>"; };
		75767A8D2785DF480099F5A1 /* Jumping.swift */ = {isa = PBXFileReference; lastKnownFileType = sourcecode.swift; path = Jumping.swift; sourceTree = "<group>"; };
		75767A8F2785DFFE0099F5A1 /* Squarts.swift */ = {isa = PBXFileReference; lastKnownFileType = sourcecode.swift; path = Squarts.swift; sourceTree = "<group>"; };
		75767A912785E0F00099F5A1 /* FactoreExercises.swift */ = {isa = PBXFileReference; lastKnownFileType = sourcecode.swift; path = FactoreExercises.swift; sourceTree = "<group>"; };
		7579DFCE278DE4D20060E75D /* CatalogVC.swift */ = {isa = PBXFileReference; lastKnownFileType = sourcecode.swift; path = CatalogVC.swift; sourceTree = "<group>"; };
		7579DFD1278DE4EA0060E75D /* CatalogPresenter.swift */ = {isa = PBXFileReference; lastKnownFileType = sourcecode.swift; path = CatalogPresenter.swift; sourceTree = "<group>"; };
		7579DFD5278DE8D50060E75D /* ModuleBuilder.swift */ = {isa = PBXFileReference; lastKnownFileType = sourcecode.swift; path = ModuleBuilder.swift; sourceTree = "<group>"; };
		7579DFD7278DE91F0060E75D /* CatalogBuilder.swift */ = {isa = PBXFileReference; lastKnownFileType = sourcecode.swift; path = CatalogBuilder.swift; sourceTree = "<group>"; };
		7579DFDB278DEBFD0060E75D /* CatalogInteractor.swift */ = {isa = PBXFileReference; lastKnownFileType = sourcecode.swift; path = CatalogInteractor.swift; sourceTree = "<group>"; };
		7579DFE1278DED4B0060E75D /* BuilderViewController.swift */ = {isa = PBXFileReference; lastKnownFileType = sourcecode.swift; path = BuilderViewController.swift; sourceTree = "<group>"; };
		759D18D82789F7A000AF31FD /* MainVC.swift */ = {isa = PBXFileReference; lastKnownFileType = sourcecode.swift; path = MainVC.swift; sourceTree = "<group>"; };
		759D18DA2789F7F600AF31FD /* DetailVC.swift */ = {isa = PBXFileReference; lastKnownFileType = sourcecode.swift; path = DetailVC.swift; sourceTree = "<group>"; };
		759D18DD2789F93100AF31FD /* LoadServiceProtocol.swift */ = {isa = PBXFileReference; lastKnownFileType = sourcecode.swift; path = LoadServiceProtocol.swift; sourceTree = "<group>"; };
		759D18E12789FAB400AF31FD /* LoadImageService.swift */ = {isa = PBXFileReference; lastKnownFileType = sourcecode.swift; path = LoadImageService.swift; sourceTree = "<group>"; };
		759D18E4278A15C000AF31FD /* Proxy.swift */ = {isa = PBXFileReference; lastKnownFileType = sourcecode.swift; path = Proxy.swift; sourceTree = "<group>"; };
		759D18E7278B386400AF31FD /* BridgeVC.swift */ = {isa = PBXFileReference; lastKnownFileType = sourcecode.swift; path = BridgeVC.swift; sourceTree = "<group>"; };
		759D18E9278B38CD00AF31FD /* DayPickerView.swift */ = {isa = PBXFileReference; lastKnownFileType = sourcecode.swift; path = DayPickerView.swift; sourceTree = "<group>"; };
		759D18EC278B46B500AF31FD /* FlyweightVC.swift */ = {isa = PBXFileReference; lastKnownFileType = sourcecode.swift; path = FlyweightVC.swift; sourceTree = "<group>"; };
		75D8DEB527873D8D0055CCE9 /* AbstractFactoryVC.swift */ = {isa = PBXFileReference; lastKnownFileType = sourcecode.swift; path = AbstractFactoryVC.swift; sourceTree = "<group>"; };
		75D8DEB82787422E0055CCE9 /* Chair.swift */ = {isa = PBXFileReference; lastKnownFileType = sourcecode.swift; path = Chair.swift; sourceTree = "<group>"; };
		75D8DEBC278743550055CCE9 /* Table.swift */ = {isa = PBXFileReference; lastKnownFileType = sourcecode.swift; path = Table.swift; sourceTree = "<group>"; };
		75D8DEBE278743B10055CCE9 /* ChairBedroom.swift */ = {isa = PBXFileReference; lastKnownFileType = sourcecode.swift; path = ChairBedroom.swift; sourceTree = "<group>"; };
		75D8DEC0278743F40055CCE9 /* CoffeeTableBedroom.swift */ = {isa = PBXFileReference; lastKnownFileType = sourcecode.swift; path = CoffeeTableBedroom.swift; sourceTree = "<group>"; };
		75D8DEC6278744C90055CCE9 /* Sofa.swift */ = {isa = PBXFileReference; lastKnownFileType = sourcecode.swift; path = Sofa.swift; sourceTree = "<group>"; };
		75D8DEC82787468E0055CCE9 /* SofaBedroom.swift */ = {isa = PBXFileReference; lastKnownFileType = sourcecode.swift; path = SofaBedroom.swift; sourceTree = "<group>"; };
		75D8DECB278747050055CCE9 /* ChairKitchen.swift */ = {isa = PBXFileReference; lastKnownFileType = sourcecode.swift; path = ChairKitchen.swift; sourceTree = "<group>"; };
		75D8DECD278747760055CCE9 /* TableKitchen .swift */ = {isa = PBXFileReference; lastKnownFileType = sourcecode.swift; path = "TableKitchen .swift"; sourceTree = "<group>"; };
		75D8DECF278748240055CCE9 /* SofaKitchen.swift */ = {isa = PBXFileReference; lastKnownFileType = sourcecode.swift; path = SofaKitchen.swift; sourceTree = "<group>"; };
		75D8DED1278749030055CCE9 /* AbstractFactory.swift */ = {isa = PBXFileReference; lastKnownFileType = sourcecode.swift; path = AbstractFactory.swift; sourceTree = "<group>"; };
		75D8DED3278749A60055CCE9 /* BedroomFactory.swift */ = {isa = PBXFileReference; lastKnownFileType = sourcecode.swift; path = BedroomFactory.swift; sourceTree = "<group>"; };
		75D8DED527874A3E0055CCE9 /* KitchenFactory.swift */ = {isa = PBXFileReference; lastKnownFileType = sourcecode.swift; path = KitchenFactory.swift; sourceTree = "<group>"; };
		75D8DEDD27874EEE0055CCE9 /* Prototype.playground */ = {isa = PBXFileReference; lastKnownFileType = file.playground; path = Prototype.playground; sourceTree = "<group>"; xcLanguageSpecificationIdentifier = xcode.lang.swift; };
/* End PBXFileReference section */

/* Begin PBXFrameworksBuildPhase section */
		75767A702785C12D0099F5A1 /* Frameworks */ = {
			isa = PBXFrameworksBuildPhase;
			buildActionMask = 2147483647;
			files = (
			);
			runOnlyForDeploymentPostprocessing = 0;
		};
/* End PBXFrameworksBuildPhase section */

/* Begin PBXGroup section */
		7533522F2788D4B2008B0053 /* AdapterPattern */ = {
			isa = PBXGroup;
			children = (
				7533523C2788E01D008B0053 /* AdapterVC.swift */,
				753352372788DC97008B0053 /* Adapter */,
				753352342788DA58008B0053 /* Auth */,
				7533522E2788D4A0008B0053 /* AdapterPlayground.playground */,
			);
			path = AdapterPattern;
			sourceTree = "<group>";
		};
		753352342788DA58008B0053 /* Auth */ = {
			isa = PBXGroup;
			children = (
				753352352788DADE008B0053 /* AuthServise.swift */,
				753352302788D83C008B0053 /* GoogleAuthenticator.swift */,
				753352322788DA1E008B0053 /* TwitterAuthenticator.swift */,
			);
			path = Auth;
			sourceTree = "<group>";
		};
		753352372788DC97008B0053 /* Adapter */ = {
			isa = PBXGroup;
			children = (
				753352382788DCD3008B0053 /* GoogleAuthAdapter.swift */,
				7533523A2788DFB7008B0053 /* TwitterAuthAdapter.swift */,
			);
			path = Adapter;
			sourceTree = "<group>";
		};
		753B9FC127903D260002032F /* Facade */ = {
			isa = PBXGroup;
			children = (
				753B9FC227903E070002032F /* FacadeVC.swift */,
				753B9FC42790429D0002032F /* ImageDataProvider.swift */,
				753B9FC62790487F0002032F /* PathProvider.swift */,
				753B9FC8279049C10002032F /* ImageSavedFacade.swift */,
			);
			path = Facade;
			sourceTree = "<group>";
		};
		754A9E722789A1090095161F /* Decorator */ = {
			isa = PBXGroup;
			children = (
				754A9E732789A1310095161F /* DecoratorVC.swift */,
				754A9E792789A91C0095161F /* Car */,
				754A9E802789AB860095161F /* MercedesDecorator */,
			);
			path = Decorator;
			sourceTree = "<group>";
		};
		754A9E792789A91C0095161F /* Car */ = {
			isa = PBXGroup;
			children = (
				754A9E752789A7BA0095161F /* CarProtocol.swift */,
				754A9E772789A82E0095161F /* MercedesCLA.swift */,
			);
			path = Car;
			sourceTree = "<group>";
		};
		754A9E802789AB860095161F /* MercedesDecorator */ = {
			isa = PBXGroup;
			children = (
				754A9E7A2789A93E0095161F /* MercedesDecorator.swift */,
				754A9E7C2789AA540095161F /* PanframeRoof.swift */,
				754A9E7E2789AB370095161F /* AlloyWheels.swift */,
			);
			path = MercedesDecorator;
			sourceTree = "<group>";
		};
		75767A6A2785C12D0099F5A1 = {
			isa = PBXGroup;
			children = (
				75767A752785C12E0099F5A1 /* Pattern */,
				75767A742785C12E0099F5A1 /* Products */,
			);
			sourceTree = "<group>";
		};
		75767A742785C12E0099F5A1 /* Products */ = {
			isa = PBXGroup;
			children = (
				75767A732785C12E0099F5A1 /* Pattern.app */,
			);
			name = Products;
			sourceTree = "<group>";
		};
		75767A752785C12E0099F5A1 /* Pattern */ = {
			isa = PBXGroup;
			children = (
				7579DFDD278DEC5C0060E75D /* Source */,
				753B9FC127903D260002032F /* Facade */,
				7579DFCD278DE4C30060E75D /* Builder */,
				759D18EB278B469100AF31FD /* Flyweight */,
				759D18E6278B379400AF31FD /* Bridge */,
				759D18D72789F77E00AF31FD /* Proxy */,
				754A9E722789A1090095161F /* Decorator */,
				7533522F2788D4B2008B0053 /* AdapterPattern */,
				75767A8C2785DDF50099F5A1 /* FactoreMethod */,
				75D8DEB727873D970055CCE9 /* AbstractFactory */,
				75D8DED927874D7E0055CCE9 /* Prototype */,
				75767A7C2785C12E0099F5A1 /* Main.storyboard */,
				75767A812785C12F0099F5A1 /* LaunchScreen.storyboard */,
				75767A7F2785C12F0099F5A1 /* Assets.xcassets */,
				75767A842785C12F0099F5A1 /* Info.plist */,
			);
			path = Pattern;
			sourceTree = "<group>";
		};
		75767A8C2785DDF50099F5A1 /* FactoreMethod */ = {
			isa = PBXGroup;
			children = (
				75767A8A2785DDF00099F5A1 /* Exercise.swift */,
				75767A8D2785DF480099F5A1 /* Jumping.swift */,
				75767A8F2785DFFE0099F5A1 /* Squarts.swift */,
				75767A912785E0F00099F5A1 /* FactoreExercises.swift */,
				75767A7A2785C12E0099F5A1 /* FactoreMethodVC.swift */,
			);
			path = FactoreMethod;
			sourceTree = "<group>";
		};
		7579DFCD278DE4C30060E75D /* Builder */ = {
			isa = PBXGroup;
			children = (
				7579DFD0278DE4D80060E75D /* Catalog */,
				7579DFD5278DE8D50060E75D /* ModuleBuilder.swift */,
				7579DFD7278DE91F0060E75D /* CatalogBuilder.swift */,
				7579DFE1278DED4B0060E75D /* BuilderViewController.swift */,
			);
			path = Builder;
			sourceTree = "<group>";
		};
		7579DFD0278DE4D80060E75D /* Catalog */ = {
			isa = PBXGroup;
			children = (
				7579DFD1278DE4EA0060E75D /* CatalogPresenter.swift */,
				7579DFCE278DE4D20060E75D /* CatalogVC.swift */,
				7579DFDB278DEBFD0060E75D /* CatalogInteractor.swift */,
			);
			path = Catalog;
			sourceTree = "<group>";
		};
		7579DFDD278DEC5C0060E75D /* Source */ = {
			isa = PBXGroup;
			children = (
				75767A762785C12E0099F5A1 /* AppDelegate.swift */,
				75767A782785C12E0099F5A1 /* SceneDelegate.swift */,
			);
			path = Source;
			sourceTree = "<group>";
		};
		759D18D72789F77E00AF31FD /* Proxy */ = {
			isa = PBXGroup;
			children = (
				759D18DC2789F91200AF31FD /* ViewController */,
				759D18E32789FAB800AF31FD /* Service */,
				759D18E4278A15C000AF31FD /* Proxy.swift */,
			);
			path = Proxy;
			sourceTree = "<group>";
		};
		759D18DC2789F91200AF31FD /* ViewController */ = {
			isa = PBXGroup;
			children = (
				759D18D82789F7A000AF31FD /* MainVC.swift */,
				759D18DA2789F7F600AF31FD /* DetailVC.swift */,
			);
			path = ViewController;
			sourceTree = "<group>";
		};
		759D18E32789FAB800AF31FD /* Service */ = {
			isa = PBXGroup;
			children = (
				759D18DD2789F93100AF31FD /* LoadServiceProtocol.swift */,
				759D18E12789FAB400AF31FD /* LoadImageService.swift */,
			);
			path = Service;
			sourceTree = "<group>";
		};
		759D18E6278B379400AF31FD /* Bridge */ = {
			isa = PBXGroup;
			children = (
				759D18E7278B386400AF31FD /* BridgeVC.swift */,
				759D18E9278B38CD00AF31FD /* DayPickerView.swift */,
			);
			path = Bridge;
			sourceTree = "<group>";
		};
		759D18EB278B469100AF31FD /* Flyweight */ = {
			isa = PBXGroup;
			children = (
				759D18EC278B46B500AF31FD /* FlyweightVC.swift */,
			);
			path = Flyweight;
			sourceTree = "<group>";
		};
		75D8DEB727873D970055CCE9 /* AbstractFactory */ = {
			isa = PBXGroup;
			children = (
				75D8DEC5278744B40055CCE9 /* Protocol */,
				75D8DEC4278744920055CCE9 /* BedroomFurniture */,
				75D8DECA278746E00055CCE9 /* KitchenFurniture */,
				75D8DED727874C260055CCE9 /* AbstractFactory */,
				75D8DED827874C2D0055CCE9 /* ViewController */,
			);
			path = AbstractFactory;
			sourceTree = "<group>";
		};
		75D8DEC4278744920055CCE9 /* BedroomFurniture */ = {
			isa = PBXGroup;
			children = (
				75D8DEBE278743B10055CCE9 /* ChairBedroom.swift */,
				75D8DEC0278743F40055CCE9 /* CoffeeTableBedroom.swift */,
				75D8DEC82787468E0055CCE9 /* SofaBedroom.swift */,
			);
			path = BedroomFurniture;
			sourceTree = "<group>";
		};
		75D8DEC5278744B40055CCE9 /* Protocol */ = {
			isa = PBXGroup;
			children = (
				75D8DEB82787422E0055CCE9 /* Chair.swift */,
				75D8DEBC278743550055CCE9 /* Table.swift */,
				75D8DEC6278744C90055CCE9 /* Sofa.swift */,
			);
			path = Protocol;
			sourceTree = "<group>";
		};
		75D8DECA278746E00055CCE9 /* KitchenFurniture */ = {
			isa = PBXGroup;
			children = (
				75D8DECB278747050055CCE9 /* ChairKitchen.swift */,
				75D8DECD278747760055CCE9 /* TableKitchen .swift */,
				75D8DECF278748240055CCE9 /* SofaKitchen.swift */,
			);
			path = KitchenFurniture;
			sourceTree = "<group>";
		};
		75D8DED727874C260055CCE9 /* AbstractFactory */ = {
			isa = PBXGroup;
			children = (
				75D8DED1278749030055CCE9 /* AbstractFactory.swift */,
				75D8DED3278749A60055CCE9 /* BedroomFactory.swift */,
				75D8DED527874A3E0055CCE9 /* KitchenFactory.swift */,
			);
			path = AbstractFactory;
			sourceTree = "<group>";
		};
		75D8DED827874C2D0055CCE9 /* ViewController */ = {
			isa = PBXGroup;
			children = (
				75D8DEB527873D8D0055CCE9 /* AbstractFactoryVC.swift */,
			);
			path = ViewController;
			sourceTree = "<group>";
		};
		75D8DED927874D7E0055CCE9 /* Prototype */ = {
			isa = PBXGroup;
			children = (
				75D8DEDD27874EEE0055CCE9 /* Prototype.playground */,
			);
			path = Prototype;
			sourceTree = "<group>";
		};
/* End PBXGroup section */

/* Begin PBXNativeTarget section */
		75767A722785C12D0099F5A1 /* Pattern */ = {
			isa = PBXNativeTarget;
			buildConfigurationList = 75767A872785C12F0099F5A1 /* Build configuration list for PBXNativeTarget "Pattern" */;
			buildPhases = (
				75767A6F2785C12D0099F5A1 /* Sources */,
				75767A702785C12D0099F5A1 /* Frameworks */,
				75767A712785C12D0099F5A1 /* Resources */,
			);
			buildRules = (
			);
			dependencies = (
			);
			name = Pattern;
			productName = Pattern;
			productReference = 75767A732785C12E0099F5A1 /* Pattern.app */;
			productType = "com.apple.product-type.application";
		};
/* End PBXNativeTarget section */

/* Begin PBXProject section */
		75767A6B2785C12D0099F5A1 /* Project object */ = {
			isa = PBXProject;
			attributes = {
				BuildIndependentTargetsInParallel = 1;
				LastSwiftUpdateCheck = 1320;
				LastUpgradeCheck = 1320;
				TargetAttributes = {
					75767A722785C12D0099F5A1 = {
						CreatedOnToolsVersion = 13.2.1;
					};
				};
			};
			buildConfigurationList = 75767A6E2785C12D0099F5A1 /* Build configuration list for PBXProject "Pattern" */;
			compatibilityVersion = "Xcode 13.0";
			developmentRegion = en;
			hasScannedForEncodings = 0;
			knownRegions = (
				en,
				Base,
			);
			mainGroup = 75767A6A2785C12D0099F5A1;
			productRefGroup = 75767A742785C12E0099F5A1 /* Products */;
			projectDirPath = "";
			projectRoot = "";
			targets = (
				75767A722785C12D0099F5A1 /* Pattern */,
			);
		};
/* End PBXProject section */

/* Begin PBXResourcesBuildPhase section */
		75767A712785C12D0099F5A1 /* Resources */ = {
			isa = PBXResourcesBuildPhase;
			buildActionMask = 2147483647;
			files = (
				75767A832785C12F0099F5A1 /* LaunchScreen.storyboard in Resources */,
				75767A802785C12F0099F5A1 /* Assets.xcassets in Resources */,
				75767A7E2785C12E0099F5A1 /* Main.storyboard in Resources */,
			);
			runOnlyForDeploymentPostprocessing = 0;
		};
/* End PBXResourcesBuildPhase section */

/* Begin PBXSourcesBuildPhase section */
		75767A6F2785C12D0099F5A1 /* Sources */ = {
			isa = PBXSourcesBuildPhase;
			buildActionMask = 2147483647;
			files = (
				759D18ED278B46B500AF31FD /* FlyweightVC.swift in Sources */,
				75D8DED2278749030055CCE9 /* AbstractFactory.swift in Sources */,
				75D8DED0278748240055CCE9 /* SofaKitchen.swift in Sources */,
				753352392788DCD3008B0053 /* GoogleAuthAdapter.swift in Sources */,
				7579DFDC278DEBFD0060E75D /* CatalogInteractor.swift in Sources */,
				754A9E742789A1310095161F /* DecoratorVC.swift in Sources */,
				7579DFCF278DE4D20060E75D /* CatalogVC.swift in Sources */,
				75D8DEB92787422E0055CCE9 /* Chair.swift in Sources */,
				759D18E22789FAB400AF31FD /* LoadImageService.swift in Sources */,
				759D18E5278A15C000AF31FD /* Proxy.swift in Sources */,
				75767A7B2785C12E0099F5A1 /* FactoreMethodVC.swift in Sources */,
				75767A902785DFFE0099F5A1 /* Squarts.swift in Sources */,
				754A9E782789A82E0095161F /* MercedesCLA.swift in Sources */,
				754A9E7D2789AA540095161F /* PanframeRoof.swift in Sources */,
				759D18EA278B38CD00AF31FD /* DayPickerView.swift in Sources */,
				753352332788DA1E008B0053 /* TwitterAuthenticator.swift in Sources */,
				7579DFD6278DE8D50060E75D /* ModuleBuilder.swift in Sources */,
				759D18DE2789F93100AF31FD /* LoadServiceProtocol.swift in Sources */,
				753352312788D83C008B0053 /* GoogleAuthenticator.swift in Sources */,
				7533523D2788E01D008B0053 /* AdapterVC.swift in Sources */,
				759D18D92789F7A000AF31FD /* MainVC.swift in Sources */,
				7579DFD8278DE91F0060E75D /* CatalogBuilder.swift in Sources */,
				75767A8B2785DDF00099F5A1 /* Exercise.swift in Sources */,
				75D8DEC1278743F40055CCE9 /* CoffeeTableBedroom.swift in Sources */,
				75D8DED4278749A60055CCE9 /* BedroomFactory.swift in Sources */,
				753B9FC9279049C10002032F /* ImageSavedFacade.swift in Sources */,
				75D8DEC7278744C90055CCE9 /* Sofa.swift in Sources */,
				753B9FC52790429D0002032F /* ImageDataProvider.swift in Sources */,
				754A9E7B2789A93E0095161F /* MercedesDecorator.swift in Sources */,
				75767A922785E0F00099F5A1 /* FactoreExercises.swift in Sources */,
				75D8DECC278747050055CCE9 /* ChairKitchen.swift in Sources */,
				7579DFD2278DE4EA0060E75D /* CatalogPresenter.swift in Sources */,
				75D8DEB627873D8D0055CCE9 /* AbstractFactoryVC.swift in Sources */,
				753B9FC327903E070002032F /* FacadeVC.swift in Sources */,
				759D18DB2789F7F600AF31FD /* DetailVC.swift in Sources */,
				75767A772785C12E0099F5A1 /* AppDelegate.swift in Sources */,
				754A9E7F2789AB370095161F /* AlloyWheels.swift in Sources */,
				75D8DEBF278743B10055CCE9 /* ChairBedroom.swift in Sources */,
				75767A8E2785DF480099F5A1 /* Jumping.swift in Sources */,
				75D8DECE278747760055CCE9 /* TableKitchen .swift in Sources */,
				75767A792785C12E0099F5A1 /* SceneDelegate.swift in Sources */,
				75D8DED627874A3E0055CCE9 /* KitchenFactory.swift in Sources */,
				754A9E762789A7BA0095161F /* CarProtocol.swift in Sources */,
				75D8DEBD278743550055CCE9 /* Table.swift in Sources */,
				753B9FC72790487F0002032F /* PathProvider.swift in Sources */,
				7533523B2788DFB7008B0053 /* TwitterAuthAdapter.swift in Sources */,
				753352362788DADE008B0053 /* AuthServise.swift in Sources */,
				75D8DEC92787468E0055CCE9 /* SofaBedroom.swift in Sources */,
				7579DFE2278DED4B0060E75D /* BuilderViewController.swift in Sources */,
				759D18E8278B386400AF31FD /* BridgeVC.swift in Sources */,
			);
			runOnlyForDeploymentPostprocessing = 0;
		};
/* End PBXSourcesBuildPhase section */

/* Begin PBXVariantGroup section */
		75767A7C2785C12E0099F5A1 /* Main.storyboard */ = {
			isa = PBXVariantGroup;
			children = (
				75767A7D2785C12E0099F5A1 /* Base */,
			);
			name = Main.storyboard;
			sourceTree = "<group>";
		};
		75767A812785C12F0099F5A1 /* LaunchScreen.storyboard */ = {
			isa = PBXVariantGroup;
			children = (
				75767A822785C12F0099F5A1 /* Base */,
			);
			name = LaunchScreen.storyboard;
			sourceTree = "<group>";
		};
/* End PBXVariantGroup section */

/* Begin XCBuildConfiguration section */
		75767A852785C12F0099F5A1 /* Debug */ = {
			isa = XCBuildConfiguration;
			buildSettings = {
				ALWAYS_SEARCH_USER_PATHS = NO;
				CLANG_ANALYZER_NONNULL = YES;
				CLANG_ANALYZER_NUMBER_OBJECT_CONVERSION = YES_AGGRESSIVE;
				CLANG_CXX_LANGUAGE_STANDARD = "gnu++17";
				CLANG_CXX_LIBRARY = "libc++";
				CLANG_ENABLE_MODULES = YES;
				CLANG_ENABLE_OBJC_ARC = YES;
				CLANG_ENABLE_OBJC_WEAK = YES;
				CLANG_WARN_BLOCK_CAPTURE_AUTORELEASING = YES;
				CLANG_WARN_BOOL_CONVERSION = YES;
				CLANG_WARN_COMMA = YES;
				CLANG_WARN_CONSTANT_CONVERSION = YES;
				CLANG_WARN_DEPRECATED_OBJC_IMPLEMENTATIONS = YES;
				CLANG_WARN_DIRECT_OBJC_ISA_USAGE = YES_ERROR;
				CLANG_WARN_DOCUMENTATION_COMMENTS = YES;
				CLANG_WARN_EMPTY_BODY = YES;
				CLANG_WARN_ENUM_CONVERSION = YES;
				CLANG_WARN_INFINITE_RECURSION = YES;
				CLANG_WARN_INT_CONVERSION = YES;
				CLANG_WARN_NON_LITERAL_NULL_CONVERSION = YES;
				CLANG_WARN_OBJC_IMPLICIT_RETAIN_SELF = YES;
				CLANG_WARN_OBJC_LITERAL_CONVERSION = YES;
				CLANG_WARN_OBJC_ROOT_CLASS = YES_ERROR;
				CLANG_WARN_QUOTED_INCLUDE_IN_FRAMEWORK_HEADER = YES;
				CLANG_WARN_RANGE_LOOP_ANALYSIS = YES;
				CLANG_WARN_STRICT_PROTOTYPES = YES;
				CLANG_WARN_SUSPICIOUS_MOVE = YES;
				CLANG_WARN_UNGUARDED_AVAILABILITY = YES_AGGRESSIVE;
				CLANG_WARN_UNREACHABLE_CODE = YES;
				CLANG_WARN__DUPLICATE_METHOD_MATCH = YES;
				COPY_PHASE_STRIP = NO;
				DEBUG_INFORMATION_FORMAT = dwarf;
				ENABLE_STRICT_OBJC_MSGSEND = YES;
				ENABLE_TESTABILITY = YES;
				GCC_C_LANGUAGE_STANDARD = gnu11;
				GCC_DYNAMIC_NO_PIC = NO;
				GCC_NO_COMMON_BLOCKS = YES;
				GCC_OPTIMIZATION_LEVEL = 0;
				GCC_PREPROCESSOR_DEFINITIONS = (
					"DEBUG=1",
					"$(inherited)",
				);
				GCC_WARN_64_TO_32_BIT_CONVERSION = YES;
				GCC_WARN_ABOUT_RETURN_TYPE = YES_ERROR;
				GCC_WARN_UNDECLARED_SELECTOR = YES;
				GCC_WARN_UNINITIALIZED_AUTOS = YES_AGGRESSIVE;
				GCC_WARN_UNUSED_FUNCTION = YES;
				GCC_WARN_UNUSED_VARIABLE = YES;
				IPHONEOS_DEPLOYMENT_TARGET = 15.2;
				MTL_ENABLE_DEBUG_INFO = INCLUDE_SOURCE;
				MTL_FAST_MATH = YES;
				ONLY_ACTIVE_ARCH = YES;
				SDKROOT = iphoneos;
				SWIFT_ACTIVE_COMPILATION_CONDITIONS = DEBUG;
				SWIFT_OPTIMIZATION_LEVEL = "-Onone";
			};
			name = Debug;
		};
		75767A862785C12F0099F5A1 /* Release */ = {
			isa = XCBuildConfiguration;
			buildSettings = {
				ALWAYS_SEARCH_USER_PATHS = NO;
				CLANG_ANALYZER_NONNULL = YES;
				CLANG_ANALYZER_NUMBER_OBJECT_CONVERSION = YES_AGGRESSIVE;
				CLANG_CXX_LANGUAGE_STANDARD = "gnu++17";
				CLANG_CXX_LIBRARY = "libc++";
				CLANG_ENABLE_MODULES = YES;
				CLANG_ENABLE_OBJC_ARC = YES;
				CLANG_ENABLE_OBJC_WEAK = YES;
				CLANG_WARN_BLOCK_CAPTURE_AUTORELEASING = YES;
				CLANG_WARN_BOOL_CONVERSION = YES;
				CLANG_WARN_COMMA = YES;
				CLANG_WARN_CONSTANT_CONVERSION = YES;
				CLANG_WARN_DEPRECATED_OBJC_IMPLEMENTATIONS = YES;
				CLANG_WARN_DIRECT_OBJC_ISA_USAGE = YES_ERROR;
				CLANG_WARN_DOCUMENTATION_COMMENTS = YES;
				CLANG_WARN_EMPTY_BODY = YES;
				CLANG_WARN_ENUM_CONVERSION = YES;
				CLANG_WARN_INFINITE_RECURSION = YES;
				CLANG_WARN_INT_CONVERSION = YES;
				CLANG_WARN_NON_LITERAL_NULL_CONVERSION = YES;
				CLANG_WARN_OBJC_IMPLICIT_RETAIN_SELF = YES;
				CLANG_WARN_OBJC_LITERAL_CONVERSION = YES;
				CLANG_WARN_OBJC_ROOT_CLASS = YES_ERROR;
				CLANG_WARN_QUOTED_INCLUDE_IN_FRAMEWORK_HEADER = YES;
				CLANG_WARN_RANGE_LOOP_ANALYSIS = YES;
				CLANG_WARN_STRICT_PROTOTYPES = YES;
				CLANG_WARN_SUSPICIOUS_MOVE = YES;
				CLANG_WARN_UNGUARDED_AVAILABILITY = YES_AGGRESSIVE;
				CLANG_WARN_UNREACHABLE_CODE = YES;
				CLANG_WARN__DUPLICATE_METHOD_MATCH = YES;
				COPY_PHASE_STRIP = NO;
				DEBUG_INFORMATION_FORMAT = "dwarf-with-dsym";
				ENABLE_NS_ASSERTIONS = NO;
				ENABLE_STRICT_OBJC_MSGSEND = YES;
				GCC_C_LANGUAGE_STANDARD = gnu11;
				GCC_NO_COMMON_BLOCKS = YES;
				GCC_WARN_64_TO_32_BIT_CONVERSION = YES;
				GCC_WARN_ABOUT_RETURN_TYPE = YES_ERROR;
				GCC_WARN_UNDECLARED_SELECTOR = YES;
				GCC_WARN_UNINITIALIZED_AUTOS = YES_AGGRESSIVE;
				GCC_WARN_UNUSED_FUNCTION = YES;
				GCC_WARN_UNUSED_VARIABLE = YES;
				IPHONEOS_DEPLOYMENT_TARGET = 15.2;
				MTL_ENABLE_DEBUG_INFO = NO;
				MTL_FAST_MATH = YES;
				SDKROOT = iphoneos;
				SWIFT_COMPILATION_MODE = wholemodule;
				SWIFT_OPTIMIZATION_LEVEL = "-O";
				VALIDATE_PRODUCT = YES;
			};
			name = Release;
		};
		75767A882785C12F0099F5A1 /* Debug */ = {
			isa = XCBuildConfiguration;
			buildSettings = {
				ASSETCATALOG_COMPILER_APPICON_NAME = AppIcon;
				ASSETCATALOG_COMPILER_GLOBAL_ACCENT_COLOR_NAME = AccentColor;
				CODE_SIGN_STYLE = Automatic;
				CURRENT_PROJECT_VERSION = 1;
				DEVELOPMENT_TEAM = 3NDPBHQ9PJ;
				GENERATE_INFOPLIST_FILE = YES;
				INFOPLIST_FILE = Pattern/Info.plist;
				INFOPLIST_KEY_UIApplicationSupportsIndirectInputEvents = YES;
				INFOPLIST_KEY_UILaunchStoryboardName = LaunchScreen;
				INFOPLIST_KEY_UIMainStoryboardFile = Main;
				INFOPLIST_KEY_UISupportedInterfaceOrientations_iPad = "UIInterfaceOrientationPortrait UIInterfaceOrientationPortraitUpsideDown UIInterfaceOrientationLandscapeLeft UIInterfaceOrientationLandscapeRight";
				INFOPLIST_KEY_UISupportedInterfaceOrientations_iPhone = "UIInterfaceOrientationPortrait UIInterfaceOrientationLandscapeLeft UIInterfaceOrientationLandscapeRight";
				LD_RUNPATH_SEARCH_PATHS = (
					"$(inherited)",
					"@executable_path/Frameworks",
				);
				MARKETING_VERSION = 1.0;
				PRODUCT_BUNDLE_IDENTIFIER = ru.ArturDokhno.Pattern;
				PRODUCT_NAME = "$(TARGET_NAME)";
				SWIFT_EMIT_LOC_STRINGS = YES;
				SWIFT_VERSION = 5.0;
				TARGETED_DEVICE_FAMILY = "1,2";
			};
			name = Debug;
		};
		75767A892785C12F0099F5A1 /* Release */ = {
			isa = XCBuildConfiguration;
			buildSettings = {
				ASSETCATALOG_COMPILER_APPICON_NAME = AppIcon;
				ASSETCATALOG_COMPILER_GLOBAL_ACCENT_COLOR_NAME = AccentColor;
				CODE_SIGN_STYLE = Automatic;
				CURRENT_PROJECT_VERSION = 1;
				DEVELOPMENT_TEAM = 3NDPBHQ9PJ;
				GENERATE_INFOPLIST_FILE = YES;
				INFOPLIST_FILE = Pattern/Info.plist;
				INFOPLIST_KEY_UIApplicationSupportsIndirectInputEvents = YES;
				INFOPLIST_KEY_UILaunchStoryboardName = LaunchScreen;
				INFOPLIST_KEY_UIMainStoryboardFile = Main;
				INFOPLIST_KEY_UISupportedInterfaceOrientations_iPad = "UIInterfaceOrientationPortrait UIInterfaceOrientationPortraitUpsideDown UIInterfaceOrientationLandscapeLeft UIInterfaceOrientationLandscapeRight";
				INFOPLIST_KEY_UISupportedInterfaceOrientations_iPhone = "UIInterfaceOrientationPortrait UIInterfaceOrientationLandscapeLeft UIInterfaceOrientationLandscapeRight";
				LD_RUNPATH_SEARCH_PATHS = (
					"$(inherited)",
					"@executable_path/Frameworks",
				);
				MARKETING_VERSION = 1.0;
				PRODUCT_BUNDLE_IDENTIFIER = ru.ArturDokhno.Pattern;
				PRODUCT_NAME = "$(TARGET_NAME)";
				SWIFT_EMIT_LOC_STRINGS = YES;
				SWIFT_VERSION = 5.0;
				TARGETED_DEVICE_FAMILY = "1,2";
			};
			name = Release;
		};
/* End XCBuildConfiguration section */

/* Begin XCConfigurationList section */
		75767A6E2785C12D0099F5A1 /* Build configuration list for PBXProject "Pattern" */ = {
			isa = XCConfigurationList;
			buildConfigurations = (
				75767A852785C12F0099F5A1 /* Debug */,
				75767A862785C12F0099F5A1 /* Release */,
			);
			defaultConfigurationIsVisible = 0;
			defaultConfigurationName = Release;
		};
		75767A872785C12F0099F5A1 /* Build configuration list for PBXNativeTarget "Pattern" */ = {
			isa = XCConfigurationList;
			buildConfigurations = (
				75767A882785C12F0099F5A1 /* Debug */,
				75767A892785C12F0099F5A1 /* Release */,
			);
			defaultConfigurationIsVisible = 0;
			defaultConfigurationName = Release;
		};
/* End XCConfigurationList section */
	};
	rootObject = 75767A6B2785C12D0099F5A1 /* Project object */;
}
